
Microsoft Visual Studio Solution File, Format Version 12.00
# Visual Studio Version 17
VisualStudioVersion = 17.0.32126.317
MinimumVisualStudioVersion = 10.0.40219.1
Project("{FAE04EC0-301F-11D3-BF4B-00C04F79EFBC}") = "modelingLab2", "modelingLab2\modelingLab2.csproj", "{DB91BAF5-517C-4941-AEDE-BB6B00473220}"
EndProject
Global
	GlobalSection(SolutionConfigurationPlatforms) = preSolution
		Debug|Any CPU = Debug|Any CPU
		Release|Any CPU = Release|Any CPU
	EndGlobalSection
	GlobalSection(ProjectConfigurationPlatforms) = postSolution
		{DB91BAF5-517C-4941-AEDE-BB6B00473220}.Debug|Any CPU.ActiveCfg = Debug|Any CPU
		{DB91BAF5-517C-4941-AEDE-BB6B00473220}.Debug|Any CPU.Build.0 = Debug|Any CPU
		{DB91BAF5-517C-4941-AEDE-BB6B00473220}.Release|Any CPU.ActiveCfg = Release|Any CPU
		{DB91BAF5-517C-4941-AEDE-BB6B00473220}.Release|Any CPU.Build.0 = Release|Any CPU
	EndGlobalSection
	GlobalSection(SolutionProperties) = preSolution
		HideSolutionNode = FALSE
	EndGlobalSection
	GlobalSection(ExtensibilityGlobals) = postSolution
		SolutionGuid = {5ADFB68B-EA98-49B9-B1B6-56E1AB1437F8}
	EndGlobalSection
EndGlobal
